
Microsoft Visual Studio Solution File, Format Version 12.00
# Visual Studio Version 17
VisualStudioVersion = 17.10.35013.160
MinimumVisualStudioVersion = 10.0.40219.1
Project("{FAE04EC0-301F-11D3-BF4B-00C04F79EFBC}") = "EmoTagger", "EmoTagger.csproj", "{903791CB-8E16-4954-ADA2-47E5AC56D71E}"
EndProject
Global
	GlobalSection(SolutionConfigurationPlatforms) = preSolution
		Debug|Any CPU = Debug|Any CPU
		Release|Any CPU = Release|Any CPU
	EndGlobalSection
	GlobalSection(ProjectConfigurationPlatforms) = postSolution
		{903791CB-8E16-4954-ADA2-47E5AC56D71E}.Debug|Any CPU.ActiveCfg = Debug|Any CPU
		{903791CB-8E16-4954-ADA2-47E5AC56D71E}.Debug|Any CPU.Build.0 = Debug|Any CPU
		{903791CB-8E16-4954-ADA2-47E5AC56D71E}.Release|Any CPU.ActiveCfg = Release|Any CPU
		{903791CB-8E16-4954-ADA2-47E5AC56D71E}.Release|Any CPU.Build.0 = Release|Any CPU
	EndGlobalSection
	GlobalSection(SolutionProperties) = preSolution
		HideSolutionNode = FALSE
	EndGlobalSection
	GlobalSection(ExtensibilityGlobals) = postSolution
		SolutionGuid = {1A3A2DFA-3BB0-4CFB-B3E9-57B06E6A88E4}
	EndGlobalSection
EndGlobal
